
Microsoft Visual Studio Solution File, Format Version 12.00
# Visual Studio Version 17
VisualStudioVersion = 17.6.33829.357
MinimumVisualStudioVersion = 10.0.40219.1
Project("{FAE04EC0-301F-11D3-BF4B-00C04F79EFBC}") = "LogicalProblems", "LogicalProblems\LogicalProblems.csproj", "{1D0DF926-A230-46E5-B7FD-E29B61A638E4}"
EndProject
Global
	GlobalSection(SolutionConfigurationPlatforms) = preSolution
		Debug|Any CPU = Debug|Any CPU
		Release|Any CPU = Release|Any CPU
	EndGlobalSection
	GlobalSection(ProjectConfigurationPlatforms) = postSolution
		{1D0DF926-A230-46E5-B7FD-E29B61A638E4}.Debug|Any CPU.ActiveCfg = Debug|Any CPU
		{1D0DF926-A230-46E5-B7FD-E29B61A638E4}.Debug|Any CPU.Build.0 = Debug|Any CPU
		{1D0DF926-A230-46E5-B7FD-E29B61A638E4}.Release|Any CPU.ActiveCfg = Release|Any CPU
		{1D0DF926-A230-46E5-B7FD-E29B61A638E4}.Release|Any CPU.Build.0 = Release|Any CPU
	EndGlobalSection
	GlobalSection(SolutionProperties) = preSolution
		HideSolutionNode = FALSE
	EndGlobalSection
	GlobalSection(ExtensibilityGlobals) = postSolution
		SolutionGuid = {C7E02F1C-896C-438D-8B25-C4760DB02577}
	EndGlobalSection
EndGlobal
